
Microsoft Visual Studio Solution File, Format Version 12.00
# Visual Studio 15
VisualStudioVersion = 15.0.26124.0
MinimumVisualStudioVersion = 15.0.26124.0
Project("{FAE04EC0-301F-11D3-BF4B-00C04F79EFBC}") = "Domain", "Domain\Domain.csproj", "{4A6B9E17-7F4C-4CD1-946A-C31DD73D1C2A}"
EndProject
Project("{FAE04EC0-301F-11D3-BF4B-00C04F79EFBC}") = "Application", "Application\Application.csproj", "{280DE446-8960-4216-BE6A-C241BEE1EEB7}"
EndProject
Project("{FAE04EC0-301F-11D3-BF4B-00C04F79EFBC}") = "API", "API\API.csproj", "{7ED400C1-B859-4193-9B6F-5F5F49600812}"
EndProject
Project("{FAE04EC0-301F-11D3-BF4B-00C04F79EFBC}") = "Persistence", "Persistence\Persistence.csproj", "{04012A32-C26D-4F5B-8997-EC5A4FD54195}"
EndProject
Project("{FAE04EC0-301F-11D3-BF4B-00C04F79EFBC}") = "Infrastructure", "Infrastructure\Infrastructure.csproj", "{75292656-384C-408E-9F3E-AF408B3ADABD}"
EndProject
Global
	GlobalSection(SolutionConfigurationPlatforms) = preSolution
		Debug|Any CPU = Debug|Any CPU
		Debug|x64 = Debug|x64
		Debug|x86 = Debug|x86
		Release|Any CPU = Release|Any CPU
		Release|x64 = Release|x64
		Release|x86 = Release|x86
	EndGlobalSection
	GlobalSection(SolutionProperties) = preSolution
		HideSolutionNode = FALSE
	EndGlobalSection
	GlobalSection(ProjectConfigurationPlatforms) = postSolution
		{4A6B9E17-7F4C-4CD1-946A-C31DD73D1C2A}.Debug|Any CPU.ActiveCfg = Debug|Any CPU
		{4A6B9E17-7F4C-4CD1-946A-C31DD73D1C2A}.Debug|Any CPU.Build.0 = Debug|Any CPU
		{4A6B9E17-7F4C-4CD1-946A-C31DD73D1C2A}.Debug|x64.ActiveCfg = Debug|Any CPU
		{4A6B9E17-7F4C-4CD1-946A-C31DD73D1C2A}.Debug|x64.Build.0 = Debug|Any CPU
		{4A6B9E17-7F4C-4CD1-946A-C31DD73D1C2A}.Debug|x86.ActiveCfg = Debug|Any CPU
		{4A6B9E17-7F4C-4CD1-946A-C31DD73D1C2A}.Debug|x86.Build.0 = Debug|Any CPU
		{4A6B9E17-7F4C-4CD1-946A-C31DD73D1C2A}.Release|Any CPU.ActiveCfg = Release|Any CPU
		{4A6B9E17-7F4C-4CD1-946A-C31DD73D1C2A}.Release|Any CPU.Build.0 = Release|Any CPU
		{4A6B9E17-7F4C-4CD1-946A-C31DD73D1C2A}.Release|x64.ActiveCfg = Release|Any CPU
		{4A6B9E17-7F4C-4CD1-946A-C31DD73D1C2A}.Release|x64.Build.0 = Release|Any CPU
		{4A6B9E17-7F4C-4CD1-946A-C31DD73D1C2A}.Release|x86.ActiveCfg = Release|Any CPU
		{4A6B9E17-7F4C-4CD1-946A-C31DD73D1C2A}.Release|x86.Build.0 = Release|Any CPU
		{280DE446-8960-4216-BE6A-C241BEE1EEB7}.Debug|Any CPU.ActiveCfg = Debug|Any CPU
		{280DE446-8960-4216-BE6A-C241BEE1EEB7}.Debug|Any CPU.Build.0 = Debug|Any CPU
		{280DE446-8960-4216-BE6A-C241BEE1EEB7}.Debug|x64.ActiveCfg = Debug|Any CPU
		{280DE446-8960-4216-BE6A-C241BEE1EEB7}.Debug|x64.Build.0 = Debug|Any CPU
		{280DE446-8960-4216-BE6A-C241BEE1EEB7}.Debug|x86.ActiveCfg = Debug|Any CPU
		{280DE446-8960-4216-BE6A-C241BEE1EEB7}.Debug|x86.Build.0 = Debug|Any CPU
		{280DE446-8960-4216-BE6A-C241BEE1EEB7}.Release|Any CPU.ActiveCfg = Release|Any CPU
		{280DE446-8960-4216-BE6A-C241BEE1EEB7}.Release|Any CPU.Build.0 = Release|Any CPU
		{280DE446-8960-4216-BE6A-C241BEE1EEB7}.Release|x64.ActiveCfg = Release|Any CPU
		{280DE446-8960-4216-BE6A-C241BEE1EEB7}.Release|x64.Build.0 = Release|Any CPU
		{280DE446-8960-4216-BE6A-C241BEE1EEB7}.Release|x86.ActiveCfg = Release|Any CPU
		{280DE446-8960-4216-BE6A-C241BEE1EEB7}.Release|x86.Build.0 = Release|Any CPU
		{7ED400C1-B859-4193-9B6F-5F5F49600812}.Debug|Any CPU.ActiveCfg = Debug|Any CPU
		{7ED400C1-B859-4193-9B6F-5F5F49600812}.Debug|Any CPU.Build.0 = Debug|Any CPU
		{7ED400C1-B859-4193-9B6F-5F5F49600812}.Debug|x64.ActiveCfg = Debug|Any CPU
		{7ED400C1-B859-4193-9B6F-5F5F49600812}.Debug|x64.Build.0 = Debug|Any CPU
		{7ED400C1-B859-4193-9B6F-5F5F49600812}.Debug|x86.ActiveCfg = Debug|Any CPU
		{7ED400C1-B859-4193-9B6F-5F5F49600812}.Debug|x86.Build.0 = Debug|Any CPU
		{7ED400C1-B859-4193-9B6F-5F5F49600812}.Release|Any CPU.ActiveCfg = Release|Any CPU
		{7ED400C1-B859-4193-9B6F-5F5F49600812}.Release|Any CPU.Build.0 = Release|Any CPU
		{7ED400C1-B859-4193-9B6F-5F5F49600812}.Release|x64.ActiveCfg = Release|Any CPU
		{7ED400C1-B859-4193-9B6F-5F5F49600812}.Release|x64.Build.0 = Release|Any CPU
		{7ED400C1-B859-4193-9B6F-5F5F49600812}.Release|x86.ActiveCfg = Release|Any CPU
		{7ED400C1-B859-4193-9B6F-5F5F49600812}.Release|x86.Build.0 = Release|Any CPU
		{04012A32-C26D-4F5B-8997-EC5A4FD54195}.Debug|Any CPU.ActiveCfg = Debug|Any CPU
		{04012A32-C26D-4F5B-8997-EC5A4FD54195}.Debug|Any CPU.Build.0 = Debug|Any CPU
		{04012A32-C26D-4F5B-8997-EC5A4FD54195}.Debug|x64.ActiveCfg = Debug|Any CPU
		{04012A32-C26D-4F5B-8997-EC5A4FD54195}.Debug|x64.Build.0 = Debug|Any CPU
		{04012A32-C26D-4F5B-8997-EC5A4FD54195}.Debug|x86.ActiveCfg = Debug|Any CPU
		{04012A32-C26D-4F5B-8997-EC5A4FD54195}.Debug|x86.Build.0 = Debug|Any CPU
		{04012A32-C26D-4F5B-8997-EC5A4FD54195}.Release|Any CPU.ActiveCfg = Release|Any CPU
		{04012A32-C26D-4F5B-8997-EC5A4FD54195}.Release|Any CPU.Build.0 = Release|Any CPU
		{04012A32-C26D-4F5B-8997-EC5A4FD54195}.Release|x64.ActiveCfg = Release|Any CPU
		{04012A32-C26D-4F5B-8997-EC5A4FD54195}.Release|x64.Build.0 = Release|Any CPU
		{04012A32-C26D-4F5B-8997-EC5A4FD54195}.Release|x86.ActiveCfg = Release|Any CPU
		{04012A32-C26D-4F5B-8997-EC5A4FD54195}.Release|x86.Build.0 = Release|Any CPU
		{75292656-384C-408E-9F3E-AF408B3ADABD}.Debug|Any CPU.ActiveCfg = Debug|Any CPU
		{75292656-384C-408E-9F3E-AF408B3ADABD}.Debug|Any CPU.Build.0 = Debug|Any CPU
		{75292656-384C-408E-9F3E-AF408B3ADABD}.Debug|x64.ActiveCfg = Debug|Any CPU
		{75292656-384C-408E-9F3E-AF408B3ADABD}.Debug|x64.Build.0 = Debug|Any CPU
		{75292656-384C-408E-9F3E-AF408B3ADABD}.Debug|x86.ActiveCfg = Debug|Any CPU
		{75292656-384C-408E-9F3E-AF408B3ADABD}.Debug|x86.Build.0 = Debug|Any CPU
		{75292656-384C-408E-9F3E-AF408B3ADABD}.Release|Any CPU.ActiveCfg = Release|Any CPU
		{75292656-384C-408E-9F3E-AF408B3ADABD}.Release|Any CPU.Build.0 = Release|Any CPU
		{75292656-384C-408E-9F3E-AF408B3ADABD}.Release|x64.ActiveCfg = Release|Any CPU
		{75292656-384C-408E-9F3E-AF408B3ADABD}.Release|x64.Build.0 = Release|Any CPU
		{75292656-384C-408E-9F3E-AF408B3ADABD}.Release|x86.ActiveCfg = Release|Any CPU
		{75292656-384C-408E-9F3E-AF408B3ADABD}.Release|x86.Build.0 = Release|Any CPU
	EndGlobalSection
EndGlobal
